
Microsoft Visual Studio Solution File, Format Version 12.00
# Visual Studio Version 16
VisualStudioVersion = 16.0.31105.61
MinimumVisualStudioVersion = 10.0.40219.1
Project("{2150E333-8FDC-42A3-9474-1A3956D46DE8}") = "Core", "Core", "{4157B026-593B-4105-A167-0C81EA7382AE}"
EndProject
Project("{9A19103F-16F7-4668-BE54-9A1E7A4F7556}") = "PartyManager.Application", "Core\PartyManager.Application\PartyManager.Application.csproj", "{F8000396-A9AA-4436-AC72-E21872EA7810}"
EndProject
Project("{FAE04EC0-301F-11D3-BF4B-00C04F79EFBC}") = "PartyManager.Domain", "Core\PartyManager.Domain\PartyManager.Domain.csproj", "{98BA2C23-B9BD-4824-9C6C-4B2C09B457F7}"
EndProject
Global
	GlobalSection(SolutionConfigurationPlatforms) = preSolution
		Debug|Any CPU = Debug|Any CPU
		Release|Any CPU = Release|Any CPU
	EndGlobalSection
	GlobalSection(ProjectConfigurationPlatforms) = postSolution
		{F8000396-A9AA-4436-AC72-E21872EA7810}.Debug|Any CPU.ActiveCfg = Debug|Any CPU
		{F8000396-A9AA-4436-AC72-E21872EA7810}.Debug|Any CPU.Build.0 = Debug|Any CPU
		{F8000396-A9AA-4436-AC72-E21872EA7810}.Release|Any CPU.ActiveCfg = Release|Any CPU
		{F8000396-A9AA-4436-AC72-E21872EA7810}.Release|Any CPU.Build.0 = Release|Any CPU
		{98BA2C23-B9BD-4824-9C6C-4B2C09B457F7}.Debug|Any CPU.ActiveCfg = Debug|Any CPU
		{98BA2C23-B9BD-4824-9C6C-4B2C09B457F7}.Debug|Any CPU.Build.0 = Debug|Any CPU
		{98BA2C23-B9BD-4824-9C6C-4B2C09B457F7}.Release|Any CPU.ActiveCfg = Release|Any CPU
		{98BA2C23-B9BD-4824-9C6C-4B2C09B457F7}.Release|Any CPU.Build.0 = Release|Any CPU
	EndGlobalSection
	GlobalSection(SolutionProperties) = preSolution
		HideSolutionNode = FALSE
	EndGlobalSection
	GlobalSection(NestedProjects) = preSolution
		{F8000396-A9AA-4436-AC72-E21872EA7810} = {4157B026-593B-4105-A167-0C81EA7382AE}
		{98BA2C23-B9BD-4824-9C6C-4B2C09B457F7} = {4157B026-593B-4105-A167-0C81EA7382AE}
	EndGlobalSection
	GlobalSection(ExtensibilityGlobals) = postSolution
		SolutionGuid = {ED355D58-2957-4DBC-8C7C-A644E236BC85}
	EndGlobalSection
EndGlobal
