
Microsoft Visual Studio Solution File, Format Version 12.00
# Visual Studio Version 16
VisualStudioVersion = 16.0.31105.61
MinimumVisualStudioVersion = 10.0.40219.1
Project("{00D1A9C2-B5F0-4AF3-8072-F6C62B433612}") = "PartyManagerDb", "PartyManagerDb.sqlproj", "{937B1817-B7E8-486F-8901-55865F3A7BA7}"
EndProject
Global
	GlobalSection(SolutionConfigurationPlatforms) = preSolution
		Debug|Any CPU = Debug|Any CPU
		Release|Any CPU = Release|Any CPU
	EndGlobalSection
	GlobalSection(ProjectConfigurationPlatforms) = postSolution
		{937B1817-B7E8-486F-8901-55865F3A7BA7}.Debug|Any CPU.ActiveCfg = Debug|Any CPU
		{937B1817-B7E8-486F-8901-55865F3A7BA7}.Debug|Any CPU.Build.0 = Debug|Any CPU
		{937B1817-B7E8-486F-8901-55865F3A7BA7}.Debug|Any CPU.Deploy.0 = Debug|Any CPU
		{937B1817-B7E8-486F-8901-55865F3A7BA7}.Release|Any CPU.ActiveCfg = Release|Any CPU
		{937B1817-B7E8-486F-8901-55865F3A7BA7}.Release|Any CPU.Build.0 = Release|Any CPU
		{937B1817-B7E8-486F-8901-55865F3A7BA7}.Release|Any CPU.Deploy.0 = Release|Any CPU
	EndGlobalSection
	GlobalSection(SolutionProperties) = preSolution
		HideSolutionNode = FALSE
	EndGlobalSection
	GlobalSection(ExtensibilityGlobals) = postSolution
		SolutionGuid = {0ED85D27-ECA8-4E82-A6C6-FFCE75CF90F3}
	EndGlobalSection
EndGlobal
